{
  "version": 4,
  "terraform_version": "1.12.1",
  "serial": 33,
  "lineage": "ee7eb89e-0885-feba-bed7-e34bbe085a86",
  "outputs": {
    "kali_private_ip": {
      "value": "10.0.2.4",
      "type": "string"
    },
    "kali_public_ip": {
      "value": "4.227.216.198",
      "type": "string"
    }
  },
  "resources": [
    {
      "mode": "data",
      "type": "azurerm_subscription",
      "name": "current",
      "provider": "provider[\"registry.terraform.io/hashicorp/azurerm\"]",
      "instances": [
        {
          "schema_version": 0,
          "attributes": {
            "display_name": "sub1",
            "id": "/subscriptions/ae31db2c-385a-4e7b-ae58-69cad61f65df",
            "location_placement_id": "Public_2014-09-01",
            "quota_id": "PayAsYouGo_2014-09-01",
            "spending_limit": "Off",
            "state": "Enabled",
            "subscription_id": "ae31db2c-385a-4e7b-ae58-69cad61f65df",
            "tags": {
              "env": "dev"
            },
            "tenant_id": "232f4670-ea66-43e7-b39e-676df2bb2d03",
            "timeouts": null
          },
          "sensitive_attributes": [],
          "identity_schema_version": 0
        }
      ]
    },
    {
      "mode": "managed",
      "type": "azurerm_consumption_budget_subscription",
      "name": "budget-1",
      "provider": "provider[\"registry.terraform.io/hashicorp/azurerm\"]",
      "instances": [
        {
          "schema_version": 2,
          "attributes": {
            "amount": 100,
            "etag": "\"1dbe18edc6b3cda\"",
            "filter": [
              {
                "dimension": [
                  {
                    "name": "ResourceGroupName",
                    "operator": "In",
                    "values": [
                      "lab-rg-1"
                    ]
                  }
                ],
                "tag": []
              }
            ],
            "id": "/subscriptions/ae31db2c-385a-4e7b-ae58-69cad61f65df/providers/Microsoft.Consumption/budgets/lab-budget-1",
            "name": "lab-budget-1",
            "notification": [
              {
                "contact_emails": [
                  "christopher.p.cordero@outlook.com"
                ],
                "contact_groups": [],
                "contact_roles": [],
                "enabled": true,
                "operator": "GreaterThan",
                "threshold": 75,
                "threshold_type": "Actual"
              }
            ],
            "subscription_id": "/subscriptions/ae31db2c-385a-4e7b-ae58-69cad61f65df",
            "time_grain": "Monthly",
            "time_period": [
              {
                "end_date": "2026-09-30T23:59:59Z",
                "start_date": "2025-06-01T00:00:00Z"
              }
            ],
            "timeouts": null
          },
          "sensitive_attributes": [],
          "identity_schema_version": 0,
          "private": "eyJlMmJmYjczMC1lY2FhLTExZTYtOGY4OC0zNDM2M2JjN2M0YzAiOnsiY3JlYXRlIjoxODAwMDAwMDAwMDAwLCJkZWxldGUiOjE4MDAwMDAwMDAwMDAsInJlYWQiOjMwMDAwMDAwMDAwMCwidXBkYXRlIjoxODAwMDAwMDAwMDAwfSwic2NoZW1hX3ZlcnNpb24iOiIyIn0=",
          "dependencies": [
            "azurerm_resource_group.rg-1",
            "data.azurerm_subscription.current"
          ]
        }
      ]
    },
    {
      "mode": "managed",
      "type": "azurerm_linux_virtual_machine",
      "name": "vm-1",
      "provider": "provider[\"registry.terraform.io/hashicorp/azurerm\"]",
      "instances": [
        {
          "schema_version": 0,
          "attributes": {
            "additional_capabilities": [],
            "admin_password": null,
            "admin_ssh_key": [
              {
                "public_key": "ssh-rsa AAAAB3NzaC1yc2EAAAADAQABAAACAQCvlOcIvlt85vOT4s/Nh39xHEF4xNAgGS/3HUEs7QBR1wRna5jzXgXlDqHdxavK+uN4C6YycYUL+OTquZwGg5iciW2sLdk9hgfwDhS3bzAGP8PBWA2RCgRJG6EiIPvVJiQOl8rAPMe/RYuH5+GyKv/NPnLyTDBLueZoP2Wb2NHoOUvy1hQkB26gO1DS2QzHY5eDA6hUR6CBY+l1w3NiJu7G51ACClSrCMvBrv6BHQcw8Z172VbYtGZGH/WNNBRHFtZC/GJAPXniI19QJhI7VBnFr9S9BXolWgTJk50y0FkQuPKeqGfNm/Yd9ytEOAe5TRZ2DfnR8fN6d82rc1rSu2lpma3yNygXIx8a/LrVWPHAeDnlYGpyS/OCCM2v76vo5VrsqKJihVCIs4K6DKBTgBq2lUQWLfaozUxfGakdqw50gYFc3IfcvNqa9nrLS1ca59vUKAyeB8H7leLYygpIm66k++aftJZcXh+IeAQgYehseXJFviDKjLMqnZSdtun1juytZGj6B356sjtJj1ZkC7PITwlV0qLcuDQ1+kXAtO65UndNzOBCq5sDqqZK42luwkssbulfKL2NkIYEY4DUUH5Ut/zZsM0o60JhmXKa4sJ6dNX02c4yKYG3+vyezpcWwEaFz6e+Li4h8LIPhA4YP0Zr5WuWPJXQGza/R0HIL11exQ== christopher@PF2W9LR6\r\n",
                "username": "toor"
              }
            ],
            "admin_username": "toor",
            "allow_extension_operations": true,
            "availability_set_id": "",
            "boot_diagnostics": [],
            "bypass_platform_safety_checks_on_user_schedule_enabled": false,
            "capacity_reservation_group_id": "",
            "computer_name": "kali",
            "custom_data": null,
            "dedicated_host_group_id": "",
            "dedicated_host_id": "",
            "disable_password_authentication": true,
            "disk_controller_type": "SCSI",
            "edge_zone": "",
            "encryption_at_host_enabled": false,
            "eviction_policy": "",
            "extensions_time_budget": "PT1H30M",
            "gallery_application": [],
            "id": "/subscriptions/ae31db2c-385a-4e7b-ae58-69cad61f65df/resourceGroups/lab-rg-1/providers/Microsoft.Compute/virtualMachines/kali",
            "identity": [],
            "license_type": "",
            "location": "eastus",
            "max_bid_price": -1,
            "name": "kali",
            "network_interface_ids": [
              "/subscriptions/ae31db2c-385a-4e7b-ae58-69cad61f65df/resourceGroups/lab-rg-1/providers/Microsoft.Network/networkInterfaces/lab-nic-1"
            ],
            "os_disk": [
              {
                "caching": "ReadWrite",
                "diff_disk_settings": [],
                "disk_encryption_set_id": "",
                "disk_size_gb": 40,
                "name": "kali_OsDisk_1_2a2d1c0944424a66ac4df721101e025d",
                "secure_vm_disk_encryption_set_id": "",
                "security_encryption_type": "",
                "storage_account_type": "Standard_LRS",
                "write_accelerator_enabled": false
              }
            ],
            "os_image_notification": [],
            "patch_assessment_mode": "ImageDefault",
            "patch_mode": "ImageDefault",
            "plan": [
              {
                "name": "kali-2024-4",
                "product": "kali",
                "publisher": "kali-linux"
              }
            ],
            "platform_fault_domain": -1,
            "priority": "Regular",
            "private_ip_address": "10.0.2.4",
            "private_ip_addresses": [
              "10.0.2.4"
            ],
            "provision_vm_agent": true,
            "proximity_placement_group_id": "",
            "public_ip_address": "4.227.216.198",
            "public_ip_addresses": [
              "4.227.216.198"
            ],
            "reboot_setting": "",
            "resource_group_name": "lab-rg-1",
            "secret": [],
            "secure_boot_enabled": false,
            "size": "Standard_D2s_v3",
            "source_image_id": "",
            "source_image_reference": [
              {
                "offer": "kali",
                "publisher": "kali-linux",
                "sku": "kali-2024-4",
                "version": "latest"
              }
            ],
            "tags": {
              "environment": "lab"
            },
            "termination_notification": [],
            "timeouts": null,
            "user_data": "",
            "virtual_machine_id": "a760b04f-0ab3-4747-8b03-714e4e535845",
            "virtual_machine_scale_set_id": "",
            "vm_agent_platform_updates_enabled": false,
            "vtpm_enabled": false,
            "zone": ""
          },
          "sensitive_attributes": [
            [
              {
                "type": "get_attr",
                "value": "admin_password"
              }
            ],
            [
              {
                "type": "get_attr",
                "value": "custom_data"
              }
            ]
          ],
          "identity_schema_version": 0,
          "private": "eyJlMmJmYjczMC1lY2FhLTExZTYtOGY4OC0zNDM2M2JjN2M0YzAiOnsiY3JlYXRlIjoyNzAwMDAwMDAwMDAwLCJkZWxldGUiOjI3MDAwMDAwMDAwMDAsInJlYWQiOjMwMDAwMDAwMDAwMCwidXBkYXRlIjoyNzAwMDAwMDAwMDAwfX0=",
          "dependencies": [
            "azurerm_network_interface.nic-1",
            "azurerm_public_ip.public_ip_kali",
            "azurerm_resource_group.rg-1",
            "azurerm_subnet.subnet-2",
            "azurerm_virtual_network.vnet-1"
          ]
        }
      ]
    },
    {
      "mode": "managed",
      "type": "azurerm_linux_virtual_machine",
      "name": "vm-2",
      "provider": "provider[\"registry.terraform.io/hashicorp/azurerm\"]",
      "instances": [
        {
          "schema_version": 0,
          "attributes": {
            "additional_capabilities": [],
            "admin_password": null,
            "admin_ssh_key": [
              {
                "public_key": "ssh-rsa AAAAB3NzaC1yc2EAAAADAQABAAACAQDRVh0fc9cu11v9xqGsJu8NZWtvLaIXPR00IWIF9qsXq9Z1h9Cjzy9N/uh5KpqhDgPZki9rDusjlxg6GAkfbUYu+VFZYzwVUYC2PIcRvpUHor3A2mV2TXz4xGGVb7hklHVB9WtArvP179eHtPQhJkXN0PYjm2pYE1q5FP67DLldrx1/dS/4HBNAE0y3nzblAAqz9myh0X6Ta+VFOS9+1shnhk1b7OjRtcx1sutypkvxo1e0/TR1D4Pa4Lm4s4D1IyceEKF4Bg+oObToGxN//fuwEwGJ5BfZixjX9xFTPyh87erfw05Nvch1lu6IjTfyayES4oDlVUBSaJFp+/yUfRb3ZNL+bULq7r+jo5qBqtzNOhC//KG4tRFsr/YzKsEx+QjbHgIJdhutwM75DYKwOOQB+FjRwNjNkxMHky0g0PfPnB2AIWximV+7g1iXAGVQmC1t5SyNCzrRykDoFyUih98MOPUI9A00ozsAijGB4oYkEDeb3MW5yThjUQgZlaagot5DAOioNaKrV0TWrAX23Kakik7paRXAkJs/KcTc+B5h1GedQii4qkm9WDcFTpuyvX9SCqBmUvqJRt3i+X/r/2u8V6iniRJ4pM38aMsRJX2zOJD34JI8YvHFvdh0WpFT4IW5b3VuFrj6MHFawvb0AkVIXzUpwRxj36q7hvSJt1Ua7Q== christopher@PF2W9LR6\r\n",
                "username": "labadmin"
              }
            ],
            "admin_username": "labadmin",
            "allow_extension_operations": true,
            "availability_set_id": "",
            "boot_diagnostics": [],
            "bypass_platform_safety_checks_on_user_schedule_enabled": false,
            "capacity_reservation_group_id": "",
            "computer_name": "siem-vm",
            "custom_data": null,
            "dedicated_host_group_id": "",
            "dedicated_host_id": "",
            "disable_password_authentication": true,
            "disk_controller_type": "SCSI",
            "edge_zone": "",
            "encryption_at_host_enabled": false,
            "eviction_policy": "",
            "extensions_time_budget": "PT1H30M",
            "gallery_application": [],
            "id": "/subscriptions/ae31db2c-385a-4e7b-ae58-69cad61f65df/resourceGroups/lab-rg-1/providers/Microsoft.Compute/virtualMachines/siem-vm",
            "identity": [],
            "license_type": "",
            "location": "eastus",
            "max_bid_price": -1,
            "name": "siem-vm",
            "network_interface_ids": [
              "/subscriptions/ae31db2c-385a-4e7b-ae58-69cad61f65df/resourceGroups/lab-rg-1/providers/Microsoft.Network/networkInterfaces/lab-nic-2"
            ],
            "os_disk": [
              {
                "caching": "ReadWrite",
                "diff_disk_settings": [],
                "disk_encryption_set_id": "",
                "disk_size_gb": 30,
                "name": "siem-vm_disk1_8fac58799f874a0aac11c28fa03b7c58",
                "secure_vm_disk_encryption_set_id": "",
                "security_encryption_type": "",
                "storage_account_type": "Standard_LRS",
                "write_accelerator_enabled": false
              }
            ],
            "os_image_notification": [],
            "patch_assessment_mode": "ImageDefault",
            "patch_mode": "ImageDefault",
            "plan": [],
            "platform_fault_domain": -1,
            "priority": "Regular",
            "private_ip_address": "10.0.1.4",
            "private_ip_addresses": [
              "10.0.1.4"
            ],
            "provision_vm_agent": true,
            "proximity_placement_group_id": "",
            "public_ip_address": "",
            "public_ip_addresses": [],
            "reboot_setting": "",
            "resource_group_name": "lab-rg-1",
            "secret": [],
            "secure_boot_enabled": false,
            "size": "Standard_D2s_v3",
            "source_image_id": "",
            "source_image_reference": [
              {
                "offer": "0001-com-ubuntu-server-jammy",
                "publisher": "Canonical",
                "sku": "22_04-lts-gen2",
                "version": "latest"
              }
            ],
            "tags": {
              "environment": "lab"
            },
            "termination_notification": null,
            "timeouts": null,
            "user_data": "",
            "virtual_machine_id": "79ae2260-55ff-4bb0-9d1f-dfa38802d37b",
            "virtual_machine_scale_set_id": "",
            "vm_agent_platform_updates_enabled": false,
            "vtpm_enabled": false,
            "zone": ""
          },
          "sensitive_attributes": [
            [
              {
                "type": "get_attr",
                "value": "admin_password"
              }
            ],
            [
              {
                "type": "get_attr",
                "value": "custom_data"
              }
            ]
          ],
          "identity_schema_version": 0,
          "private": "eyJlMmJmYjczMC1lY2FhLTExZTYtOGY4OC0zNDM2M2JjN2M0YzAiOnsiY3JlYXRlIjoyNzAwMDAwMDAwMDAwLCJkZWxldGUiOjI3MDAwMDAwMDAwMDAsInJlYWQiOjMwMDAwMDAwMDAwMCwidXBkYXRlIjoyNzAwMDAwMDAwMDAwfX0=",
          "dependencies": [
            "azurerm_network_interface.nic-2",
            "azurerm_resource_group.rg-1",
            "azurerm_subnet.subnet-1",
            "azurerm_virtual_network.vnet-1"
          ]
        }
      ]
    },
    {
      "mode": "managed",
      "type": "azurerm_network_interface",
      "name": "nic-1",
      "provider": "provider[\"registry.terraform.io/hashicorp/azurerm\"]",
      "instances": [
        {
          "schema_version": 0,
          "attributes": {
            "accelerated_networking_enabled": false,
            "applied_dns_servers": [],
            "auxiliary_mode": "",
            "auxiliary_sku": "",
            "dns_servers": [],
            "edge_zone": "",
            "id": "/subscriptions/ae31db2c-385a-4e7b-ae58-69cad61f65df/resourceGroups/lab-rg-1/providers/Microsoft.Network/networkInterfaces/lab-nic-1",
            "internal_dns_name_label": "",
            "internal_domain_name_suffix": "pfy5udiaxv5ufhdkvx2aspyhya.bx.internal.cloudapp.net",
            "ip_configuration": [
              {
                "gateway_load_balancer_frontend_ip_configuration_id": "",
                "name": "internal",
                "primary": true,
                "private_ip_address": "10.0.2.4",
                "private_ip_address_allocation": "Dynamic",
                "private_ip_address_version": "IPv4",
                "public_ip_address_id": "/subscriptions/ae31db2c-385a-4e7b-ae58-69cad61f65df/resourceGroups/lab-rg-1/providers/Microsoft.Network/publicIPAddresses/kali-public-ip",
                "subnet_id": "/subscriptions/ae31db2c-385a-4e7b-ae58-69cad61f65df/resourceGroups/lab-rg-1/providers/Microsoft.Network/virtualNetworks/lab-vnet-1/subnets/lab-public-subnet"
              }
            ],
            "ip_forwarding_enabled": false,
            "location": "eastus",
            "mac_address": "00-22-48-25-46-86",
            "name": "lab-nic-1",
            "private_ip_address": "10.0.2.4",
            "private_ip_addresses": [
              "10.0.2.4"
            ],
            "resource_group_name": "lab-rg-1",
            "tags": {},
            "timeouts": null,
            "virtual_machine_id": "/subscriptions/ae31db2c-385a-4e7b-ae58-69cad61f65df/resourceGroups/lab-rg-1/providers/Microsoft.Compute/virtualMachines/kali"
          },
          "sensitive_attributes": [],
          "identity_schema_version": 0,
          "private": "eyJlMmJmYjczMC1lY2FhLTExZTYtOGY4OC0zNDM2M2JjN2M0YzAiOnsiY3JlYXRlIjoxODAwMDAwMDAwMDAwLCJkZWxldGUiOjE4MDAwMDAwMDAwMDAsInJlYWQiOjMwMDAwMDAwMDAwMCwidXBkYXRlIjoxODAwMDAwMDAwMDAwfX0=",
          "dependencies": [
            "azurerm_public_ip.public_ip_kali",
            "azurerm_resource_group.rg-1",
            "azurerm_subnet.subnet-2",
            "azurerm_virtual_network.vnet-1"
          ]
        }
      ]
    },
    {
      "mode": "managed",
      "type": "azurerm_network_interface",
      "name": "nic-2",
      "provider": "provider[\"registry.terraform.io/hashicorp/azurerm\"]",
      "instances": [
        {
          "schema_version": 0,
          "attributes": {
            "accelerated_networking_enabled": false,
            "applied_dns_servers": [],
            "auxiliary_mode": "",
            "auxiliary_sku": "",
            "dns_servers": [],
            "edge_zone": "",
            "id": "/subscriptions/ae31db2c-385a-4e7b-ae58-69cad61f65df/resourceGroups/lab-rg-1/providers/Microsoft.Network/networkInterfaces/lab-nic-2",
            "internal_dns_name_label": "",
            "internal_domain_name_suffix": "pfy5udiaxv5ufhdkvx2aspyhya.bx.internal.cloudapp.net",
            "ip_configuration": [
              {
                "gateway_load_balancer_frontend_ip_configuration_id": "",
                "name": "internal",
                "primary": true,
                "private_ip_address": "10.0.1.4",
                "private_ip_address_allocation": "Dynamic",
                "private_ip_address_version": "IPv4",
                "public_ip_address_id": "",
                "subnet_id": "/subscriptions/ae31db2c-385a-4e7b-ae58-69cad61f65df/resourceGroups/lab-rg-1/providers/Microsoft.Network/virtualNetworks/lab-vnet-1/subnets/lab-private-subnet"
              }
            ],
            "ip_forwarding_enabled": false,
            "location": "eastus",
            "mac_address": "",
            "name": "lab-nic-2",
            "private_ip_address": "10.0.1.4",
            "private_ip_addresses": [
              "10.0.1.4"
            ],
            "resource_group_name": "lab-rg-1",
            "tags": {},
            "timeouts": null,
            "virtual_machine_id": ""
          },
          "sensitive_attributes": [],
          "identity_schema_version": 0,
          "private": "eyJlMmJmYjczMC1lY2FhLTExZTYtOGY4OC0zNDM2M2JjN2M0YzAiOnsiY3JlYXRlIjoxODAwMDAwMDAwMDAwLCJkZWxldGUiOjE4MDAwMDAwMDAwMDAsInJlYWQiOjMwMDAwMDAwMDAwMCwidXBkYXRlIjoxODAwMDAwMDAwMDAwfX0=",
          "dependencies": [
            "azurerm_resource_group.rg-1",
            "azurerm_subnet.subnet-1",
            "azurerm_virtual_network.vnet-1"
          ]
        }
      ]
    },
    {
      "mode": "managed",
      "type": "azurerm_network_interface_security_group_association",
      "name": "nsg_association_kali",
      "provider": "provider[\"registry.terraform.io/hashicorp/azurerm\"]",
      "instances": [
        {
          "schema_version": 0,
          "attributes": {
            "id": "/subscriptions/ae31db2c-385a-4e7b-ae58-69cad61f65df/resourceGroups/lab-rg-1/providers/Microsoft.Network/networkInterfaces/lab-nic-1|/subscriptions/ae31db2c-385a-4e7b-ae58-69cad61f65df/resourceGroups/lab-rg-1/providers/Microsoft.Network/networkSecurityGroups/kali-nsg",
            "network_interface_id": "/subscriptions/ae31db2c-385a-4e7b-ae58-69cad61f65df/resourceGroups/lab-rg-1/providers/Microsoft.Network/networkInterfaces/lab-nic-1",
            "network_security_group_id": "/subscriptions/ae31db2c-385a-4e7b-ae58-69cad61f65df/resourceGroups/lab-rg-1/providers/Microsoft.Network/networkSecurityGroups/kali-nsg",
            "timeouts": null
          },
          "sensitive_attributes": [],
          "identity_schema_version": 0,
          "private": "eyJlMmJmYjczMC1lY2FhLTExZTYtOGY4OC0zNDM2M2JjN2M0YzAiOnsiY3JlYXRlIjoxODAwMDAwMDAwMDAwLCJkZWxldGUiOjE4MDAwMDAwMDAwMDAsInJlYWQiOjMwMDAwMDAwMDAwMH19",
          "dependencies": [
            "azurerm_network_interface.nic-1",
            "azurerm_network_security_group.nsg_kali",
            "azurerm_public_ip.public_ip_kali",
            "azurerm_resource_group.rg-1",
            "azurerm_subnet.subnet-2",
            "azurerm_virtual_network.vnet-1"
          ]
        }
      ]
    },
    {
      "mode": "managed",
      "type": "azurerm_network_interface_security_group_association",
      "name": "nsg_association_ubuntu",
      "provider": "provider[\"registry.terraform.io/hashicorp/azurerm\"]",
      "instances": [
        {
          "schema_version": 0,
          "attributes": {
            "id": "/subscriptions/ae31db2c-385a-4e7b-ae58-69cad61f65df/resourceGroups/lab-rg-1/providers/Microsoft.Network/networkInterfaces/lab-nic-2|/subscriptions/ae31db2c-385a-4e7b-ae58-69cad61f65df/resourceGroups/lab-rg-1/providers/Microsoft.Network/networkSecurityGroups/nsg-ubuntu",
            "network_interface_id": "/subscriptions/ae31db2c-385a-4e7b-ae58-69cad61f65df/resourceGroups/lab-rg-1/providers/Microsoft.Network/networkInterfaces/lab-nic-2",
            "network_security_group_id": "/subscriptions/ae31db2c-385a-4e7b-ae58-69cad61f65df/resourceGroups/lab-rg-1/providers/Microsoft.Network/networkSecurityGroups/nsg-ubuntu",
            "timeouts": null
          },
          "sensitive_attributes": [],
          "identity_schema_version": 0,
          "private": "eyJlMmJmYjczMC1lY2FhLTExZTYtOGY4OC0zNDM2M2JjN2M0YzAiOnsiY3JlYXRlIjoxODAwMDAwMDAwMDAwLCJkZWxldGUiOjE4MDAwMDAwMDAwMDAsInJlYWQiOjMwMDAwMDAwMDAwMH19",
          "dependencies": [
            "azurerm_network_interface.nic-2",
            "azurerm_network_security_group.nsg_ubuntu",
            "azurerm_resource_group.rg-1",
            "azurerm_subnet.subnet-1",
            "azurerm_virtual_network.vnet-1"
          ]
        }
      ]
    },
    {
      "mode": "managed",
      "type": "azurerm_network_security_group",
      "name": "nsg_kali",
      "provider": "provider[\"registry.terraform.io/hashicorp/azurerm\"]",
      "instances": [
        {
          "schema_version": 0,
          "attributes": {
            "id": "/subscriptions/ae31db2c-385a-4e7b-ae58-69cad61f65df/resourceGroups/lab-rg-1/providers/Microsoft.Network/networkSecurityGroups/kali-nsg",
            "location": "eastus",
            "name": "kali-nsg",
            "resource_group_name": "lab-rg-1",
            "security_rule": [
              {
                "access": "Allow",
                "description": "",
                "destination_address_prefix": "*",
                "destination_address_prefixes": [],
                "destination_application_security_group_ids": [],
                "destination_port_range": "22",
                "destination_port_ranges": [],
                "direction": "Inbound",
                "name": "AllowSSH",
                "priority": 1000,
                "protocol": "Tcp",
                "source_address_prefix": "173.72.65.138",
                "source_address_prefixes": [],
                "source_application_security_group_ids": [],
                "source_port_range": "*",
                "source_port_ranges": []
              }
            ],
            "tags": {
              "environment": "lab"
            },
            "timeouts": null
          },
          "sensitive_attributes": [],
          "identity_schema_version": 0,
          "private": "eyJlMmJmYjczMC1lY2FhLTExZTYtOGY4OC0zNDM2M2JjN2M0YzAiOnsiY3JlYXRlIjoxODAwMDAwMDAwMDAwLCJkZWxldGUiOjE4MDAwMDAwMDAwMDAsInJlYWQiOjMwMDAwMDAwMDAwMCwidXBkYXRlIjoxODAwMDAwMDAwMDAwfX0=",
          "dependencies": [
            "azurerm_resource_group.rg-1"
          ]
        }
      ]
    },
    {
      "mode": "managed",
      "type": "azurerm_network_security_group",
      "name": "nsg_ubuntu",
      "provider": "provider[\"registry.terraform.io/hashicorp/azurerm\"]",
      "instances": [
        {
          "schema_version": 0,
          "attributes": {
            "id": "/subscriptions/ae31db2c-385a-4e7b-ae58-69cad61f65df/resourceGroups/lab-rg-1/providers/Microsoft.Network/networkSecurityGroups/nsg-ubuntu",
            "location": "eastus",
            "name": "nsg-ubuntu",
            "resource_group_name": "lab-rg-1",
            "security_rule": [
              {
                "access": "Allow",
                "description": "",
                "destination_address_prefix": "*",
                "destination_address_prefixes": [],
                "destination_application_security_group_ids": [],
                "destination_port_range": "22",
                "destination_port_ranges": [],
                "direction": "Inbound",
                "name": "SSH",
                "priority": 1000,
                "protocol": "Tcp",
                "source_address_prefix": "173.72.65.138",
                "source_address_prefixes": [],
                "source_application_security_group_ids": [],
                "source_port_range": "*",
                "source_port_ranges": []
              }
            ],
            "tags": {
              "environment": "lab"
            },
            "timeouts": null
          },
          "sensitive_attributes": [],
          "identity_schema_version": 0,
          "private": "eyJlMmJmYjczMC1lY2FhLTExZTYtOGY4OC0zNDM2M2JjN2M0YzAiOnsiY3JlYXRlIjoxODAwMDAwMDAwMDAwLCJkZWxldGUiOjE4MDAwMDAwMDAwMDAsInJlYWQiOjMwMDAwMDAwMDAwMCwidXBkYXRlIjoxODAwMDAwMDAwMDAwfX0=",
          "dependencies": [
            "azurerm_resource_group.rg-1"
          ]
        }
      ]
    },
    {
      "mode": "managed",
      "type": "azurerm_public_ip",
      "name": "public_ip_kali",
      "provider": "provider[\"registry.terraform.io/hashicorp/azurerm\"]",
      "instances": [
        {
          "schema_version": 0,
          "attributes": {
            "allocation_method": "Static",
            "ddos_protection_mode": "VirtualNetworkInherited",
            "ddos_protection_plan_id": null,
            "domain_name_label": null,
            "edge_zone": "",
            "fqdn": null,
            "id": "/subscriptions/ae31db2c-385a-4e7b-ae58-69cad61f65df/resourceGroups/lab-rg-1/providers/Microsoft.Network/publicIPAddresses/kali-public-ip",
            "idle_timeout_in_minutes": 4,
            "ip_address": "4.227.216.198",
            "ip_tags": {},
            "ip_version": "IPv4",
            "location": "eastus",
            "name": "kali-public-ip",
            "public_ip_prefix_id": null,
            "resource_group_name": "lab-rg-1",
            "reverse_fqdn": null,
            "sku": "Standard",
            "sku_tier": "Regional",
            "tags": {
              "environment": "lab"
            },
            "timeouts": null,
            "zones": []
          },
          "sensitive_attributes": [],
          "identity_schema_version": 0,
          "private": "eyJlMmJmYjczMC1lY2FhLTExZTYtOGY4OC0zNDM2M2JjN2M0YzAiOnsiY3JlYXRlIjoxODAwMDAwMDAwMDAwLCJkZWxldGUiOjE4MDAwMDAwMDAwMDAsInJlYWQiOjMwMDAwMDAwMDAwMCwidXBkYXRlIjoxODAwMDAwMDAwMDAwfX0=",
          "dependencies": [
            "azurerm_resource_group.rg-1"
          ]
        }
      ]
    },
    {
      "mode": "managed",
      "type": "azurerm_public_ip",
      "name": "public_ip_ubuntu",
      "provider": "provider[\"registry.terraform.io/hashicorp/azurerm\"]",
      "instances": [
        {
          "schema_version": 0,
          "attributes": {
            "allocation_method": "Static",
            "ddos_protection_mode": "VirtualNetworkInherited",
            "ddos_protection_plan_id": null,
            "domain_name_label": null,
            "edge_zone": "",
            "fqdn": null,
            "id": "/subscriptions/ae31db2c-385a-4e7b-ae58-69cad61f65df/resourceGroups/lab-rg-1/providers/Microsoft.Network/publicIPAddresses/ubuntu-public-ip",
            "idle_timeout_in_minutes": 4,
            "ip_address": "20.169.144.93",
            "ip_tags": {},
            "ip_version": "IPv4",
            "location": "eastus",
            "name": "ubuntu-public-ip",
            "public_ip_prefix_id": null,
            "resource_group_name": "lab-rg-1",
            "reverse_fqdn": null,
            "sku": "Standard",
            "sku_tier": "Regional",
            "tags": {
              "environment": "lab"
            },
            "timeouts": null,
            "zones": []
          },
          "sensitive_attributes": [],
          "identity_schema_version": 0,
          "private": "eyJlMmJmYjczMC1lY2FhLTExZTYtOGY4OC0zNDM2M2JjN2M0YzAiOnsiY3JlYXRlIjoxODAwMDAwMDAwMDAwLCJkZWxldGUiOjE4MDAwMDAwMDAwMDAsInJlYWQiOjMwMDAwMDAwMDAwMCwidXBkYXRlIjoxODAwMDAwMDAwMDAwfX0=",
          "dependencies": [
            "azurerm_resource_group.rg-1"
          ]
        }
      ]
    },
    {
      "mode": "managed",
      "type": "azurerm_resource_group",
      "name": "rg-1",
      "provider": "provider[\"registry.terraform.io/hashicorp/azurerm\"]",
      "instances": [
        {
          "schema_version": 0,
          "attributes": {
            "id": "/subscriptions/ae31db2c-385a-4e7b-ae58-69cad61f65df/resourceGroups/lab-rg-1",
            "location": "eastus",
            "managed_by": "",
            "name": "lab-rg-1",
            "tags": {},
            "timeouts": null
          },
          "sensitive_attributes": [],
          "identity_schema_version": 0,
          "private": "eyJlMmJmYjczMC1lY2FhLTExZTYtOGY4OC0zNDM2M2JjN2M0YzAiOnsiY3JlYXRlIjo1NDAwMDAwMDAwMDAwLCJkZWxldGUiOjU0MDAwMDAwMDAwMDAsInJlYWQiOjMwMDAwMDAwMDAwMCwidXBkYXRlIjo1NDAwMDAwMDAwMDAwfX0="
        }
      ]
    },
    {
      "mode": "managed",
      "type": "azurerm_subnet",
      "name": "subnet-1",
      "provider": "provider[\"registry.terraform.io/hashicorp/azurerm\"]",
      "instances": [
        {
          "schema_version": 0,
          "attributes": {
            "address_prefixes": [
              "10.0.1.0/24"
            ],
            "default_outbound_access_enabled": true,
            "delegation": [],
            "id": "/subscriptions/ae31db2c-385a-4e7b-ae58-69cad61f65df/resourceGroups/lab-rg-1/providers/Microsoft.Network/virtualNetworks/lab-vnet-1/subnets/lab-private-subnet",
            "name": "lab-private-subnet",
            "private_endpoint_network_policies": "Disabled",
            "private_link_service_network_policies_enabled": true,
            "resource_group_name": "lab-rg-1",
            "service_endpoint_policy_ids": [],
            "service_endpoints": [],
            "timeouts": null,
            "virtual_network_name": "lab-vnet-1"
          },
          "sensitive_attributes": [],
          "identity_schema_version": 0,
          "private": "eyJlMmJmYjczMC1lY2FhLTExZTYtOGY4OC0zNDM2M2JjN2M0YzAiOnsiY3JlYXRlIjoxODAwMDAwMDAwMDAwLCJkZWxldGUiOjE4MDAwMDAwMDAwMDAsInJlYWQiOjMwMDAwMDAwMDAwMCwidXBkYXRlIjoxODAwMDAwMDAwMDAwfX0=",
          "dependencies": [
            "azurerm_resource_group.rg-1",
            "azurerm_virtual_network.vnet-1"
          ]
        }
      ]
    },
    {
      "mode": "managed",
      "type": "azurerm_subnet",
      "name": "subnet-2",
      "provider": "provider[\"registry.terraform.io/hashicorp/azurerm\"]",
      "instances": [
        {
          "schema_version": 0,
          "attributes": {
            "address_prefixes": [
              "10.0.2.0/24"
            ],
            "default_outbound_access_enabled": true,
            "delegation": [],
            "id": "/subscriptions/ae31db2c-385a-4e7b-ae58-69cad61f65df/resourceGroups/lab-rg-1/providers/Microsoft.Network/virtualNetworks/lab-vnet-1/subnets/lab-public-subnet",
            "name": "lab-public-subnet",
            "private_endpoint_network_policies": "Disabled",
            "private_link_service_network_policies_enabled": true,
            "resource_group_name": "lab-rg-1",
            "service_endpoint_policy_ids": [],
            "service_endpoints": [],
            "timeouts": null,
            "virtual_network_name": "lab-vnet-1"
          },
          "sensitive_attributes": [],
          "identity_schema_version": 0,
          "private": "eyJlMmJmYjczMC1lY2FhLTExZTYtOGY4OC0zNDM2M2JjN2M0YzAiOnsiY3JlYXRlIjoxODAwMDAwMDAwMDAwLCJkZWxldGUiOjE4MDAwMDAwMDAwMDAsInJlYWQiOjMwMDAwMDAwMDAwMCwidXBkYXRlIjoxODAwMDAwMDAwMDAwfX0=",
          "dependencies": [
            "azurerm_resource_group.rg-1",
            "azurerm_virtual_network.vnet-1"
          ]
        }
      ]
    },
    {
      "mode": "managed",
      "type": "azurerm_virtual_network",
      "name": "vnet-1",
      "provider": "provider[\"registry.terraform.io/hashicorp/azurerm\"]",
      "instances": [
        {
          "schema_version": 0,
          "attributes": {
            "address_space": [
              "10.0.0.0/16"
            ],
            "bgp_community": "",
            "ddos_protection_plan": [],
            "dns_servers": [],
            "edge_zone": "",
            "encryption": [],
            "flow_timeout_in_minutes": 0,
            "guid": "0dfa7179-bd00-427f-9c6a-adf8093f07c0",
            "id": "/subscriptions/ae31db2c-385a-4e7b-ae58-69cad61f65df/resourceGroups/lab-rg-1/providers/Microsoft.Network/virtualNetworks/lab-vnet-1",
            "location": "eastus",
            "name": "lab-vnet-1",
            "resource_group_name": "lab-rg-1",
            "subnet": [
              {
                "address_prefixes": [
                  "10.0.1.0/24"
                ],
                "default_outbound_access_enabled": true,
                "delegation": [],
                "id": "/subscriptions/ae31db2c-385a-4e7b-ae58-69cad61f65df/resourceGroups/lab-rg-1/providers/Microsoft.Network/virtualNetworks/lab-vnet-1/subnets/lab-private-subnet",
                "name": "lab-private-subnet",
                "private_endpoint_network_policies": "Disabled",
                "private_link_service_network_policies_enabled": true,
                "route_table_id": "",
                "security_group": "",
                "service_endpoint_policy_ids": [],
                "service_endpoints": []
              },
              {
                "address_prefixes": [
                  "10.0.2.0/24"
                ],
                "default_outbound_access_enabled": true,
                "delegation": [],
                "id": "/subscriptions/ae31db2c-385a-4e7b-ae58-69cad61f65df/resourceGroups/lab-rg-1/providers/Microsoft.Network/virtualNetworks/lab-vnet-1/subnets/lab-public-subnet",
                "name": "lab-public-subnet",
                "private_endpoint_network_policies": "Disabled",
                "private_link_service_network_policies_enabled": true,
                "route_table_id": "",
                "security_group": "",
                "service_endpoint_policy_ids": [],
                "service_endpoints": []
              }
            ],
            "tags": {
              "environment": "lab"
            },
            "timeouts": null
          },
          "sensitive_attributes": [],
          "identity_schema_version": 0,
          "private": "eyJlMmJmYjczMC1lY2FhLTExZTYtOGY4OC0zNDM2M2JjN2M0YzAiOnsiY3JlYXRlIjoxODAwMDAwMDAwMDAwLCJkZWxldGUiOjE4MDAwMDAwMDAwMDAsInJlYWQiOjMwMDAwMDAwMDAwMCwidXBkYXRlIjoxODAwMDAwMDAwMDAwfX0=",
          "dependencies": [
            "azurerm_resource_group.rg-1"
          ]
        }
      ]
    }
  ],
  "check_results": null
}
